// !$*UTF8*$!
{
	archiveVersion = 1;
	classes = {
	};
	objectVersion = 56;
	objects = {

/* Begin PBXBuildFile section */
		3DEC11FD29CD8C3C0029CE4C /* AppDelegate.swift in Sources */ = {isa = PBXBuildFile; fileRef = 3DEC11FC29CD8C3C0029CE4C /* AppDelegate.swift */; };
		3DEC11FF29CD8C3C0029CE4C /* SceneDelegate.swift in Sources */ = {isa = PBXBuildFile; fileRef = 3DEC11FE29CD8C3C0029CE4C /* SceneDelegate.swift */; };
		3DEC120129CD8C3C0029CE4C /* ViewController.swift in Sources */ = {isa = PBXBuildFile; fileRef = 3DEC120029CD8C3C0029CE4C /* ViewController.swift */; };
		3DEC120429CD8C3C0029CE4C /* Main.storyboard in Resources */ = {isa = PBXBuildFile; fileRef = 3DEC120229CD8C3C0029CE4C /* Main.storyboard */; };
		3DEC120729CD8C3C0029CE4C /* TipCalculator.xcdatamodeld in Sources */ = {isa = PBXBuildFile; fileRef = 3DEC120529CD8C3C0029CE4C /* TipCalculator.xcdatamodeld */; };
		3DEC120929CD8C3E0029CE4C /* Assets.xcassets in Resources */ = {isa = PBXBuildFile; fileRef = 3DEC120829CD8C3E0029CE4C /* Assets.xcassets */; };
		3DEC120C29CD8C3E0029CE4C /* LaunchScreen.storyboard in Resources */ = {isa = PBXBuildFile; fileRef = 3DEC120A29CD8C3E0029CE4C /* LaunchScreen.storyboard */; };
		3DEC121729CD8C3E0029CE4C /* TipCalculatorTests.swift in Sources */ = {isa = PBXBuildFile; fileRef = 3DEC121629CD8C3E0029CE4C /* TipCalculatorTests.swift */; };
		3DEC122129CD8C3E0029CE4C /* TipCalculatorUITests.swift in Sources */ = {isa = PBXBuildFile; fileRef = 3DEC122029CD8C3E0029CE4C /* TipCalculatorUITests.swift */; };
		3DEC122329CD8C3E0029CE4C /* TipCalculatorUITestsLaunchTests.swift in Sources */ = {isa = PBXBuildFile; fileRef = 3DEC122229CD8C3E0029CE4C /* TipCalculatorUITestsLaunchTests.swift */; };
/* End PBXBuildFile section */

/* Begin PBXContainerItemProxy section */
		3DEC121329CD8C3E0029CE4C /* PBXContainerItemProxy */ = {
			isa = PBXContainerItemProxy;
			containerPortal = 3DEC11F129CD8C3C0029CE4C /* Project object */;
			proxyType = 1;
			remoteGlobalIDString = 3DEC11F829CD8C3C0029CE4C;
			remoteInfo = TipCalculator;
		};
		3DEC121D29CD8C3E0029CE4C /* PBXContainerItemProxy */ = {
			isa = PBXContainerItemProxy;
			containerPortal = 3DEC11F129CD8C3C0029CE4C /* Project object */;
			proxyType = 1;
			remoteGlobalIDString = 3DEC11F829CD8C3C0029CE4C;
			remoteInfo = TipCalculator;
		};
/* End PBXContainerItemProxy section */

/* Begin PBXFileReference section */
		3DEC11F929CD8C3C0029CE4C /* TipCalculator.app */ = {isa = PBXFileReference; explicitFileType = wrapper.application; includeInIndex = 0; path = TipCalculator.app; sourceTree = BUILT_PRODUCTS_DIR; };
		3DEC11FC29CD8C3C0029CE4C /* AppDelegate.swift */ = {isa = PBXFileReference; lastKnownFileType = sourcecode.swift; path = AppDelegate.swift; sourceTree = "<group>"; };
		3DEC11FE29CD8C3C0029CE4C /* SceneDelegate.swift */ = {isa = PBXFileReference; lastKnownFileType = sourcecode.swift; path = SceneDelegate.swift; sourceTree = "<group>"; };
		3DEC120029CD8C3C0029CE4C /* ViewController.swift */ = {isa = PBXFileReference; lastKnownFileType = sourcecode.swift; path = ViewController.swift; sourceTree = "<group>"; };
		3DEC120329CD8C3C0029CE4C /* Base */ = {isa = PBXFileReference; lastKnownFileType = file.storyboard; name = Base; path = Base.lproj/Main.storyboard; sourceTree = "<group>"; };
		3DEC120629CD8C3C0029CE4C /* TipCalculator.xcdatamodel */ = {isa = PBXFileReference; lastKnownFileType = wrapper.xcdatamodel; path = TipCalculator.xcdatamodel; sourceTree = "<group>"; };
		3DEC120829CD8C3E0029CE4C /* Assets.xcassets */ = {isa = PBXFileReference; lastKnownFileType = folder.assetcatalog; path = Assets.xcassets; sourceTree = "<group>"; };
		3DEC120B29CD8C3E0029CE4C /* Base */ = {isa = PBXFileReference; lastKnownFileType = file.storyboard; name = Base; path = Base.lproj/LaunchScreen.storyboard; sourceTree = "<group>"; };
		3DEC120D29CD8C3E0029CE4C /* Info.plist */ = {isa = PBXFileReference; lastKnownFileType = text.plist.xml; path = Info.plist; sourceTree = "<group>"; };
		3DEC121229CD8C3E0029CE4C /* TipCalculatorTests.xctest */ = {isa = PBXFileReference; explicitFileType = wrapper.cfbundle; includeInIndex = 0; path = TipCalculatorTests.xctest; sourceTree = BUILT_PRODUCTS_DIR; };
		3DEC121629CD8C3E0029CE4C /* TipCalculatorTests.swift */ = {isa = PBXFileReference; lastKnownFileType = sourcecode.swift; path = TipCalculatorTests.swift; sourceTree = "<group>"; };
		3DEC121C29CD8C3E0029CE4C /* TipCalculatorUITests.xctest */ = {isa = PBXFileReference; explicitFileType = wrapper.cfbundle; includeInIndex = 0; path = TipCalculatorUITests.xctest; sourceTree = BUILT_PRODUCTS_DIR; };
		3DEC122029CD8C3E0029CE4C /* TipCalculatorUITests.swift */ = {isa = PBXFileReference; lastKnownFileType = sourcecode.swift; path = TipCalculatorUITests.swift; sourceTree = "<group>"; };
		3DEC122229CD8C3E0029CE4C /* TipCalculatorUITestsLaunchTests.swift */ = {isa = PBXFileReference; lastKnownFileType = sourcecode.swift; path = TipCalculatorUITestsLaunchTests.swift; sourceTree = "<group>"; };
/* End PBXFileReference section */

/* Begin PBXFrameworksBuildPhase section */
		3DEC11F629CD8C3C0029CE4C /* Frameworks */ = {
			isa = PBXFrameworksBuildPhase;
			buildActionMask = 2147483647;
			files = (
			);
			runOnlyForDeploymentPostprocessing = 0;
		};
		3DEC120F29CD8C3E0029CE4C /* Frameworks */ = {
			isa = PBXFrameworksBuildPhase;
			buildActionMask = 2147483647;
			files = (
			);
			runOnlyForDeploymentPostprocessing = 0;
		};
		3DEC121929CD8C3E0029CE4C /* Frameworks */ = {
			isa = PBXFrameworksBuildPhase;
			buildActionMask = 2147483647;
			files = (
			);
			runOnlyForDeploymentPostprocessing = 0;
		};
/* End PBXFrameworksBuildPhase section */

/* Begin PBXGroup section */
		3DEC11F029CD8C3C0029CE4C = {
			isa = PBXGroup;
			children = (
				3DEC11FB29CD8C3C0029CE4C /* TipCalculator */,
				3DEC121529CD8C3E0029CE4C /* TipCalculatorTests */,
				3DEC121F29CD8C3E0029CE4C /* TipCalculatorUITests */,
				3DEC11FA29CD8C3C0029CE4C /* Products */,
			);
			sourceTree = "<group>";
		};
		3DEC11FA29CD8C3C0029CE4C /* Products */ = {
			isa = PBXGroup;
			children = (
				3DEC11F929CD8C3C0029CE4C /* TipCalculator.app */,
				3DEC121229CD8C3E0029CE4C /* TipCalculatorTests.xctest */,
				3DEC121C29CD8C3E0029CE4C /* TipCalculatorUITests.xctest */,
			);
			name = Products;
			sourceTree = "<group>";
		};
		3DEC11FB29CD8C3C0029CE4C /* TipCalculator */ = {
			isa = PBXGroup;
			children = (
				3DEC11FC29CD8C3C0029CE4C /* AppDelegate.swift */,
				3DEC11FE29CD8C3C0029CE4C /* SceneDelegate.swift */,
				3DEC120029CD8C3C0029CE4C /* ViewController.swift */,
				3DEC120229CD8C3C0029CE4C /* Main.storyboard */,
				3DEC120829CD8C3E0029CE4C /* Assets.xcassets */,
				3DEC120A29CD8C3E0029CE4C /* LaunchScreen.storyboard */,
				3DEC120D29CD8C3E0029CE4C /* Info.plist */,
				3DEC120529CD8C3C0029CE4C /* TipCalculator.xcdatamodeld */,
			);
			path = TipCalculator;
			sourceTree = "<group>";
		};
		3DEC121529CD8C3E0029CE4C /* TipCalculatorTests */ = {
			isa = PBXGroup;
			children = (
				3DEC121629CD8C3E0029CE4C /* TipCalculatorTests.swift */,
			);
			path = TipCalculatorTests;
			sourceTree = "<group>";
		};
		3DEC121F29CD8C3E0029CE4C /* TipCalculatorUITests */ = {
			isa = PBXGroup;
			children = (
				3DEC122029CD8C3E0029CE4C /* TipCalculatorUITests.swift */,
				3DEC122229CD8C3E0029CE4C /* TipCalculatorUITestsLaunchTests.swift */,
			);
			path = TipCalculatorUITests;
			sourceTree = "<group>";
		};
/* End PBXGroup section */

/* Begin PBXNativeTarget section */
		3DEC11F829CD8C3C0029CE4C /* TipCalculator */ = {
			isa = PBXNativeTarget;
			buildConfigurationList = 3DEC122629CD8C3E0029CE4C /* Build configuration list for PBXNativeTarget "TipCalculator" */;
			buildPhases = (
				3DEC11F529CD8C3C0029CE4C /* Sources */,
				3DEC11F629CD8C3C0029CE4C /* Frameworks */,
				3DEC11F729CD8C3C0029CE4C /* Resources */,
			);
			buildRules = (
			);
			dependencies = (
			);
			name = TipCalculator;
			productName = TipCalculator;
			productReference = 3DEC11F929CD8C3C0029CE4C /* TipCalculator.app */;
			productType = "com.apple.product-type.application";
		};
		3DEC121129CD8C3E0029CE4C /* TipCalculatorTests */ = {
			isa = PBXNativeTarget;
			buildConfigurationList = 3DEC122929CD8C3E0029CE4C /* Build configuration list for PBXNativeTarget "TipCalculatorTests" */;
			buildPhases = (
				3DEC120E29CD8C3E0029CE4C /* Sources */,
				3DEC120F29CD8C3E0029CE4C /* Frameworks */,
				3DEC121029CD8C3E0029CE4C /* Resources */,
			);
			buildRules = (
			);
			dependencies = (
				3DEC121429CD8C3E0029CE4C /* PBXTargetDependency */,
			);
			name = TipCalculatorTests;
			productName = TipCalculatorTests;
			productReference = 3DEC121229CD8C3E0029CE4C /* TipCalculatorTests.xctest */;
			productType = "com.apple.product-type.bundle.unit-test";
		};
		3DEC121B29CD8C3E0029CE4C /* TipCalculatorUITests */ = {
			isa = PBXNativeTarget;
			buildConfigurationList = 3DEC122C29CD8C3E0029CE4C /* Build configuration list for PBXNativeTarget "TipCalculatorUITests" */;
			buildPhases = (
				3DEC121829CD8C3E0029CE4C /* Sources */,
				3DEC121929CD8C3E0029CE4C /* Frameworks */,
				3DEC121A29CD8C3E0029CE4C /* Resources */,
			);
			buildRules = (
			);
			dependencies = (
				3DEC121E29CD8C3E0029CE4C /* PBXTargetDependency */,
			);
			name = TipCalculatorUITests;
			productName = TipCalculatorUITests;
			productReference = 3DEC121C29CD8C3E0029CE4C /* TipCalculatorUITests.xctest */;
			productType = "com.apple.product-type.bundle.ui-testing";
		};
/* End PBXNativeTarget section */

/* Begin PBXProject section */
		3DEC11F129CD8C3C0029CE4C /* Project object */ = {
			isa = PBXProject;
			attributes = {
				BuildIndependentTargetsInParallel = 1;
				LastSwiftUpdateCheck = 1400;
				LastUpgradeCheck = 1400;
				TargetAttributes = {
					3DEC11F829CD8C3C0029CE4C = {
						CreatedOnToolsVersion = 14.0.1;
					};
					3DEC121129CD8C3E0029CE4C = {
						CreatedOnToolsVersion = 14.0.1;
						TestTargetID = 3DEC11F829CD8C3C0029CE4C;
					};
					3DEC121B29CD8C3E0029CE4C = {
						CreatedOnToolsVersion = 14.0.1;
						TestTargetID = 3DEC11F829CD8C3C0029CE4C;
					};
				};
			};
			buildConfigurationList = 3DEC11F429CD8C3C0029CE4C /* Build configuration list for PBXProject "TipCalculator" */;
			compatibilityVersion = "Xcode 14.0";
			developmentRegion = en;
			hasScannedForEncodings = 0;
			knownRegions = (
				en,
				Base,
			);
			mainGroup = 3DEC11F029CD8C3C0029CE4C;
			productRefGroup = 3DEC11FA29CD8C3C0029CE4C /* Products */;
			projectDirPath = "";
			projectRoot = "";
			targets = (
				3DEC11F829CD8C3C0029CE4C /* TipCalculator */,
				3DEC121129CD8C3E0029CE4C /* TipCalculatorTests */,
				3DEC121B29CD8C3E0029CE4C /* TipCalculatorUITests */,
			);
		};
/* End PBXProject section */

/* Begin PBXResourcesBuildPhase section */
		3DEC11F729CD8C3C0029CE4C /* Resources */ = {
			isa = PBXResourcesBuildPhase;
			buildActionMask = 2147483647;
			files = (
				3DEC120C29CD8C3E0029CE4C /* LaunchScreen.storyboard in Resources */,
				3DEC120929CD8C3E0029CE4C /* Assets.xcassets in Resources */,
				3DEC120429CD8C3C0029CE4C /* Main.storyboard in Resources */,
			);
			runOnlyForDeploymentPostprocessing = 0;
		};
		3DEC121029CD8C3E0029CE4C /* Resources */ = {
			isa = PBXResourcesBuildPhase;
			buildActionMask = 2147483647;
			files = (
			);
			runOnlyForDeploymentPostprocessing = 0;
		};
		3DEC121A29CD8C3E0029CE4C /* Resources */ = {
			isa = PBXResourcesBuildPhase;
			buildActionMask = 2147483647;
			files = (
			);
			runOnlyForDeploymentPostprocessing = 0;
		};
/* End PBXResourcesBuildPhase section */

/* Begin PBXSourcesBuildPhase section */
		3DEC11F529CD8C3C0029CE4C /* Sources */ = {
			isa = PBXSourcesBuildPhase;
			buildActionMask = 2147483647;
			files = (
				3DEC120129CD8C3C0029CE4C /* ViewController.swift in Sources */,
				3DEC120729CD8C3C0029CE4C /* TipCalculator.xcdatamodeld in Sources */,
				3DEC11FD29CD8C3C0029CE4C /* AppDelegate.swift in Sources */,
				3DEC11FF29CD8C3C0029CE4C /* SceneDelegate.swift in Sources */,
			);
			runOnlyForDeploymentPostprocessing = 0;
		};
		3DEC120E29CD8C3E0029CE4C /* Sources */ = {
			isa = PBXSourcesBuildPhase;
			buildActionMask = 2147483647;
			files = (
				3DEC121729CD8C3E0029CE4C /* TipCalculatorTests.swift in Sources */,
			);
			runOnlyForDeploymentPostprocessing = 0;
		};
		3DEC121829CD8C3E0029CE4C /* Sources */ = {
			isa = PBXSourcesBuildPhase;
			buildActionMask = 2147483647;
			files = (
				3DEC122329CD8C3E0029CE4C /* TipCalculatorUITestsLaunchTests.swift in Sources */,
				3DEC122129CD8C3E0029CE4C /* TipCalculatorUITests.swift in Sources */,
			);
			runOnlyForDeploymentPostprocessing = 0;
		};
/* End PBXSourcesBuildPhase section */

/* Begin PBXTargetDependency section */
		3DEC121429CD8C3E0029CE4C /* PBXTargetDependency */ = {
			isa = PBXTargetDependency;
			target = 3DEC11F829CD8C3C0029CE4C /* TipCalculator */;
			targetProxy = 3DEC121329CD8C3E0029CE4C /* PBXContainerItemProxy */;
		};
		3DEC121E29CD8C3E0029CE4C /* PBXTargetDependency */ = {
			isa = PBXTargetDependency;
			target = 3DEC11F829CD8C3C0029CE4C /* TipCalculator */;
			targetProxy = 3DEC121D29CD8C3E0029CE4C /* PBXContainerItemProxy */;
		};
/* End PBXTargetDependency section */

/* Begin PBXVariantGroup section */
		3DEC120229CD8C3C0029CE4C /* Main.storyboard */ = {
			isa = PBXVariantGroup;
			children = (
				3DEC120329CD8C3C0029CE4C /* Base */,
			);
			name = Main.storyboard;
			sourceTree = "<group>";
		};
		3DEC120A29CD8C3E0029CE4C /* LaunchScreen.storyboard */ = {
			isa = PBXVariantGroup;
			children = (
				3DEC120B29CD8C3E0029CE4C /* Base */,
			);
			name = LaunchScreen.storyboard;
			sourceTree = "<group>";
		};
/* End PBXVariantGroup section */

/* Begin XCBuildConfiguration section */
		3DEC122429CD8C3E0029CE4C /* Debug */ = {
			isa = XCBuildConfiguration;
			buildSettings = {
				ALWAYS_SEARCH_USER_PATHS = NO;
				CLANG_ANALYZER_NONNULL = YES;
				CLANG_ANALYZER_NUMBER_OBJECT_CONVERSION = YES_AGGRESSIVE;
				CLANG_CXX_LANGUAGE_STANDARD = "gnu++20";
				CLANG_ENABLE_MODULES = YES;
				CLANG_ENABLE_OBJC_ARC = YES;
				CLANG_ENABLE_OBJC_WEAK = YES;
				CLANG_WARN_BLOCK_CAPTURE_AUTORELEASING = YES;
				CLANG_WARN_BOOL_CONVERSION = YES;
				CLANG_WARN_COMMA = YES;
				CLANG_WARN_CONSTANT_CONVERSION = YES;
				CLANG_WARN_DEPRECATED_OBJC_IMPLEMENTATIONS = YES;
				CLANG_WARN_DIRECT_OBJC_ISA_USAGE = YES_ERROR;
				CLANG_WARN_DOCUMENTATION_COMMENTS = YES;
				CLANG_WARN_EMPTY_BODY = YES;
				CLANG_WARN_ENUM_CONVERSION = YES;
				CLANG_WARN_INFINITE_RECURSION = YES;
				CLANG_WARN_INT_CONVERSION = YES;
				CLANG_WARN_NON_LITERAL_NULL_CONVERSION = YES;
				CLANG_WARN_OBJC_IMPLICIT_RETAIN_SELF = YES;
				CLANG_WARN_OBJC_LITERAL_CONVERSION = YES;
				CLANG_WARN_OBJC_ROOT_CLASS = YES_ERROR;
				CLANG_WARN_QUOTED_INCLUDE_IN_FRAMEWORK_HEADER = YES;
				CLANG_WARN_RANGE_LOOP_ANALYSIS = YES;
				CLANG_WARN_STRICT_PROTOTYPES = YES;
				CLANG_WARN_SUSPICIOUS_MOVE = YES;
				CLANG_WARN_UNGUARDED_AVAILABILITY = YES_AGGRESSIVE;
				CLANG_WARN_UNREACHABLE_CODE = YES;
				CLANG_WARN__DUPLICATE_METHOD_MATCH = YES;
				COPY_PHASE_STRIP = NO;
				DEBUG_INFORMATION_FORMAT = dwarf;
				ENABLE_STRICT_OBJC_MSGSEND = YES;
				ENABLE_TESTABILITY = YES;
				GCC_C_LANGUAGE_STANDARD = gnu11;
				GCC_DYNAMIC_NO_PIC = NO;
				GCC_NO_COMMON_BLOCKS = YES;
				GCC_OPTIMIZATION_LEVEL = 0;
				GCC_PREPROCESSOR_DEFINITIONS = (
					"DEBUG=1",
					"$(inherited)",
				);
				GCC_WARN_64_TO_32_BIT_CONVERSION = YES;
				GCC_WARN_ABOUT_RETURN_TYPE = YES_ERROR;
				GCC_WARN_UNDECLARED_SELECTOR = YES;
				GCC_WARN_UNINITIALIZED_AUTOS = YES_AGGRESSIVE;
				GCC_WARN_UNUSED_FUNCTION = YES;
				GCC_WARN_UNUSED_VARIABLE = YES;
				IPHONEOS_DEPLOYMENT_TARGET = 16.0;
				MTL_ENABLE_DEBUG_INFO = INCLUDE_SOURCE;
				MTL_FAST_MATH = YES;
				ONLY_ACTIVE_ARCH = YES;
				SDKROOT = iphoneos;
				SWIFT_ACTIVE_COMPILATION_CONDITIONS = DEBUG;
				SWIFT_OPTIMIZATION_LEVEL = "-Onone";
			};
			name = Debug;
		};
		3DEC122529CD8C3E0029CE4C /* Release */ = {
			isa = XCBuildConfiguration;
			buildSettings = {
				ALWAYS_SEARCH_USER_PATHS = NO;
				CLANG_ANALYZER_NONNULL = YES;
				CLANG_ANALYZER_NUMBER_OBJECT_CONVERSION = YES_AGGRESSIVE;
				CLANG_CXX_LANGUAGE_STANDARD = "gnu++20";
				CLANG_ENABLE_MODULES = YES;
				CLANG_ENABLE_OBJC_ARC = YES;
				CLANG_ENABLE_OBJC_WEAK = YES;
				CLANG_WARN_BLOCK_CAPTURE_AUTORELEASING = YES;
				CLANG_WARN_BOOL_CONVERSION = YES;
				CLANG_WARN_COMMA = YES;
				CLANG_WARN_CONSTANT_CONVERSION = YES;
				CLANG_WARN_DEPRECATED_OBJC_IMPLEMENTATIONS = YES;
				CLANG_WARN_DIRECT_OBJC_ISA_USAGE = YES_ERROR;
				CLANG_WARN_DOCUMENTATION_COMMENTS = YES;
				CLANG_WARN_EMPTY_BODY = YES;
				CLANG_WARN_ENUM_CONVERSION = YES;
				CLANG_WARN_INFINITE_RECURSION = YES;
				CLANG_WARN_INT_CONVERSION = YES;
				CLANG_WARN_NON_LITERAL_NULL_CONVERSION = YES;
				CLANG_WARN_OBJC_IMPLICIT_RETAIN_SELF = YES;
				CLANG_WARN_OBJC_LITERAL_CONVERSION = YES;
				CLANG_WARN_OBJC_ROOT_CLASS = YES_ERROR;
				CLANG_WARN_QUOTED_INCLUDE_IN_FRAMEWORK_HEADER = YES;
				CLANG_WARN_RANGE_LOOP_ANALYSIS = YES;
				CLANG_WARN_STRICT_PROTOTYPES = YES;
				CLANG_WARN_SUSPICIOUS_MOVE = YES;
				CLANG_WARN_UNGUARDED_AVAILABILITY = YES_AGGRESSIVE;
				CLANG_WARN_UNREACHABLE_CODE = YES;
				CLANG_WARN__DUPLICATE_METHOD_MATCH = YES;
				COPY_PHASE_STRIP = NO;
				DEBUG_INFORMATION_FORMAT = "dwarf-with-dsym";
				ENABLE_NS_ASSERTIONS = NO;
				ENABLE_STRICT_OBJC_MSGSEND = YES;
				GCC_C_LANGUAGE_STANDARD = gnu11;
				GCC_NO_COMMON_BLOCKS = YES;
				GCC_WARN_64_TO_32_BIT_CONVERSION = YES;
				GCC_WARN_ABOUT_RETURN_TYPE = YES_ERROR;
				GCC_WARN_UNDECLARED_SELECTOR = YES;
				GCC_WARN_UNINITIALIZED_AUTOS = YES_AGGRESSIVE;
				GCC_WARN_UNUSED_FUNCTION = YES;
				GCC_WARN_UNUSED_VARIABLE = YES;
				IPHONEOS_DEPLOYMENT_TARGET = 16.0;
				MTL_ENABLE_DEBUG_INFO = NO;
				MTL_FAST_MATH = YES;
				SDKROOT = iphoneos;
				SWIFT_COMPILATION_MODE = wholemodule;
				SWIFT_OPTIMIZATION_LEVEL = "-O";
				VALIDATE_PRODUCT = YES;
			};
			name = Release;
		};
		3DEC122729CD8C3E0029CE4C /* Debug */ = {
			isa = XCBuildConfiguration;
			buildSettings = {
				ASSETCATALOG_COMPILER_APPICON_NAME = AppIcon;
				ASSETCATALOG_COMPILER_GLOBAL_ACCENT_COLOR_NAME = AccentColor;
				CODE_SIGN_STYLE = Automatic;
				CURRENT_PROJECT_VERSION = 1;
				GENERATE_INFOPLIST_FILE = YES;
				INFOPLIST_FILE = TipCalculator/Info.plist;
				INFOPLIST_KEY_UIApplicationSupportsIndirectInputEvents = YES;
				INFOPLIST_KEY_UILaunchStoryboardName = LaunchScreen;
				INFOPLIST_KEY_UIMainStoryboardFile = Main;
				INFOPLIST_KEY_UISupportedInterfaceOrientations_iPad = "UIInterfaceOrientationPortrait UIInterfaceOrientationPortraitUpsideDown UIInterfaceOrientationLandscapeLeft UIInterfaceOrientationLandscapeRight";
				INFOPLIST_KEY_UISupportedInterfaceOrientations_iPhone = "UIInterfaceOrientationPortrait UIInterfaceOrientationLandscapeLeft UIInterfaceOrientationLandscapeRight";
				LD_RUNPATH_SEARCH_PATHS = (
					"$(inherited)",
					"@executable_path/Frameworks",
				);
				MARKETING_VERSION = 1.0;
				PRODUCT_BUNDLE_IDENTIFIER = com.williamjiamin.TipCalculator;
				PRODUCT_NAME = "$(TARGET_NAME)";
				SWIFT_EMIT_LOC_STRINGS = YES;
				SWIFT_VERSION = 5.0;
				TARGETED_DEVICE_FAMILY = "1,2";
			};
			name = Debug;
		};
		3DEC122829CD8C3E0029CE4C /* Release */ = {
			isa = XCBuildConfiguration;
			buildSettings = {
				ASSETCATALOG_COMPILER_APPICON_NAME = AppIcon;
				ASSETCATALOG_COMPILER_GLOBAL_ACCENT_COLOR_NAME = AccentColor;
				CODE_SIGN_STYLE = Automatic;
				CURRENT_PROJECT_VERSION = 1;
				GENERATE_INFOPLIST_FILE = YES;
				INFOPLIST_FILE = TipCalculator/Info.plist;
				INFOPLIST_KEY_UIApplicationSupportsIndirectInputEvents = YES;
				INFOPLIST_KEY_UILaunchStoryboardName = LaunchScreen;
				INFOPLIST_KEY_UIMainStoryboardFile = Main;
				INFOPLIST_KEY_UISupportedInterfaceOrientations_iPad = "UIInterfaceOrientationPortrait UIInterfaceOrientationPortraitUpsideDown UIInterfaceOrientationLandscapeLeft UIInterfaceOrientationLandscapeRight";
				INFOPLIST_KEY_UISupportedInterfaceOrientations_iPhone = "UIInterfaceOrientationPortrait UIInterfaceOrientationLandscapeLeft UIInterfaceOrientationLandscapeRight";
				LD_RUNPATH_SEARCH_PATHS = (
					"$(inherited)",
					"@executable_path/Frameworks",
				);
				MARKETING_VERSION = 1.0;
				PRODUCT_BUNDLE_IDENTIFIER = com.williamjiamin.TipCalculator;
				PRODUCT_NAME = "$(TARGET_NAME)";
				SWIFT_EMIT_LOC_STRINGS = YES;
				SWIFT_VERSION = 5.0;
				TARGETED_DEVICE_FAMILY = "1,2";
			};
			name = Release;
		};
		3DEC122A29CD8C3E0029CE4C /* Debug */ = {
			isa = XCBuildConfiguration;
			buildSettings = {
				ALWAYS_EMBED_SWIFT_STANDARD_LIBRARIES = YES;
				BUNDLE_LOADER = "$(TEST_HOST)";
				CODE_SIGN_STYLE = Automatic;
				CURRENT_PROJECT_VERSION = 1;
				GENERATE_INFOPLIST_FILE = YES;
				IPHONEOS_DEPLOYMENT_TARGET = 16.0;
				MARKETING_VERSION = 1.0;
				PRODUCT_BUNDLE_IDENTIFIER = com.williamjiamin.TipCalculatorTests;
				PRODUCT_NAME = "$(TARGET_NAME)";
				SWIFT_EMIT_LOC_STRINGS = NO;
				SWIFT_VERSION = 5.0;
				TARGETED_DEVICE_FAMILY = "1,2";
				TEST_HOST = "$(BUILT_PRODUCTS_DIR)/TipCalculator.app/$(BUNDLE_EXECUTABLE_FOLDER_PATH)/TipCalculator";
			};
			name = Debug;
		};
		3DEC122B29CD8C3E0029CE4C /* Release */ = {
			isa = XCBuildConfiguration;
			buildSettings = {
				ALWAYS_EMBED_SWIFT_STANDARD_LIBRARIES = YES;
				BUNDLE_LOADER = "$(TEST_HOST)";
				CODE_SIGN_STYLE = Automatic;
				CURRENT_PROJECT_VERSION = 1;
				GENERATE_INFOPLIST_FILE = YES;
				IPHONEOS_DEPLOYMENT_TARGET = 16.0;
				MARKETING_VERSION = 1.0;
				PRODUCT_BUNDLE_IDENTIFIER = com.williamjiamin.TipCalculatorTests;
				PRODUCT_NAME = "$(TARGET_NAME)";
				SWIFT_EMIT_LOC_STRINGS = NO;
				SWIFT_VERSION = 5.0;
				TARGETED_DEVICE_FAMILY = "1,2";
				TEST_HOST = "$(BUILT_PRODUCTS_DIR)/TipCalculator.app/$(BUNDLE_EXECUTABLE_FOLDER_PATH)/TipCalculator";
			};
			name = Release;
		};
		3DEC122D29CD8C3E0029CE4C /* Debug */ = {
			isa = XCBuildConfiguration;
			buildSettings = {
				ALWAYS_EMBED_SWIFT_STANDARD_LIBRARIES = YES;
				CODE_SIGN_STYLE = Automatic;
				CURRENT_PROJECT_VERSION = 1;
				GENERATE_INFOPLIST_FILE = YES;
				MARKETING_VERSION = 1.0;
				PRODUCT_BUNDLE_IDENTIFIER = com.williamjiamin.TipCalculatorUITests;
				PRODUCT_NAME = "$(TARGET_NAME)";
				SWIFT_EMIT_LOC_STRINGS = NO;
				SWIFT_VERSION = 5.0;
				TARGETED_DEVICE_FAMILY = "1,2";
				TEST_TARGET_NAME = TipCalculator;
			};
			name = Debug;
		};
		3DEC122E29CD8C3E0029CE4C /* Release */ = {
			isa = XCBuildConfiguration;
			buildSettings = {
				ALWAYS_EMBED_SWIFT_STANDARD_LIBRARIES = YES;
				CODE_SIGN_STYLE = Automatic;
				CURRENT_PROJECT_VERSION = 1;
				GENERATE_INFOPLIST_FILE = YES;
				MARKETING_VERSION = 1.0;
				PRODUCT_BUNDLE_IDENTIFIER = com.williamjiamin.TipCalculatorUITests;
				PRODUCT_NAME = "$(TARGET_NAME)";
				SWIFT_EMIT_LOC_STRINGS = NO;
				SWIFT_VERSION = 5.0;
				TARGETED_DEVICE_FAMILY = "1,2";
				TEST_TARGET_NAME = TipCalculator;
			};
			name = Release;
		};
/* End XCBuildConfiguration section */

/* Begin XCConfigurationList section */
		3DEC11F429CD8C3C0029CE4C /* Build configuration list for PBXProject "TipCalculator" */ = {
			isa = XCConfigurationList;
			buildConfigurations = (
				3DEC122429CD8C3E0029CE4C /* Debug */,
				3DEC122529CD8C3E0029CE4C /* Release */,
			);
			defaultConfigurationIsVisible = 0;
			defaultConfigurationName = Release;
		};
		3DEC122629CD8C3E0029CE4C /* Build configuration list for PBXNativeTarget "TipCalculator" */ = {
			isa = XCConfigurationList;
			buildConfigurations = (
				3DEC122729CD8C3E0029CE4C /* Debug */,
				3DEC122829CD8C3E0029CE4C /* Release */,
			);
			defaultConfigurationIsVisible = 0;
			defaultConfigurationName = Release;
		};
		3DEC122929CD8C3E0029CE4C /* Build configuration list for PBXNativeTarget "TipCalculatorTests" */ = {
			isa = XCConfigurationList;
			buildConfigurations = (
				3DEC122A29CD8C3E0029CE4C /* Debug */,
				3DEC122B29CD8C3E0029CE4C /* Release */,
			);
			defaultConfigurationIsVisible = 0;
			defaultConfigurationName = Release;
		};
		3DEC122C29CD8C3E0029CE4C /* Build configuration list for PBXNativeTarget "TipCalculatorUITests" */ = {
			isa = XCConfigurationList;
			buildConfigurations = (
				3DEC122D29CD8C3E0029CE4C /* Debug */,
				3DEC122E29CD8C3E0029CE4C /* Release */,
			);
			defaultConfigurationIsVisible = 0;
			defaultConfigurationName = Release;
		};
/* End XCConfigurationList section */

/* Begin XCVersionGroup section */
		3DEC120529CD8C3C0029CE4C /* TipCalculator.xcdatamodeld */ = {
			isa = XCVersionGroup;
			children = (
				3DEC120629CD8C3C0029CE4C /* TipCalculator.xcdatamodel */,
			);
			currentVersion = 3DEC120629CD8C3C0029CE4C /* TipCalculator.xcdatamodel */;
			path = TipCalculator.xcdatamodeld;
			sourceTree = "<group>";
			versionGroupType = wrapper.xcdatamodel;
		};
/* End XCVersionGroup section */
	};
	rootObject = 3DEC11F129CD8C3C0029CE4C /* Project object */;
}
